
Microsoft Visual Studio Solution File, Format Version 12.00
# Visual Studio Version 17
VisualStudioVersion = 17.1.32319.34
MinimumVisualStudioVersion = 10.0.40219.1
Project("{FAE04EC0-301F-11D3-BF4B-00C04F79EFBC}") = "App1.Android", "App1.Android\App1.Android.csproj", "{93831231-3386-40A2-9F92-9E64B26658D3}"
EndProject
Project("{FAE04EC0-301F-11D3-BF4B-00C04F79EFBC}") = "App1", "App1\App1.csproj", "{BA2F9314-CE4D-488C-8975-2BF4C7FDE69F}"
EndProject
Global
	GlobalSection(SolutionConfigurationPlatforms) = preSolution
		Debug|Any CPU = Debug|Any CPU
		Release|Any CPU = Release|Any CPU
	EndGlobalSection
	GlobalSection(ProjectConfigurationPlatforms) = postSolution
		{93831231-3386-40A2-9F92-9E64B26658D3}.Debug|Any CPU.ActiveCfg = Debug|Any CPU
		{93831231-3386-40A2-9F92-9E64B26658D3}.Debug|Any CPU.Build.0 = Debug|Any CPU
		{93831231-3386-40A2-9F92-9E64B26658D3}.Debug|Any CPU.Deploy.0 = Debug|Any CPU
		{93831231-3386-40A2-9F92-9E64B26658D3}.Release|Any CPU.ActiveCfg = Release|Any CPU
		{93831231-3386-40A2-9F92-9E64B26658D3}.Release|Any CPU.Build.0 = Release|Any CPU
		{93831231-3386-40A2-9F92-9E64B26658D3}.Release|Any CPU.Deploy.0 = Release|Any CPU
		{BA2F9314-CE4D-488C-8975-2BF4C7FDE69F}.Debug|Any CPU.ActiveCfg = Debug|Any CPU
		{BA2F9314-CE4D-488C-8975-2BF4C7FDE69F}.Debug|Any CPU.Build.0 = Debug|Any CPU
		{BA2F9314-CE4D-488C-8975-2BF4C7FDE69F}.Debug|Any CPU.Deploy.0 = Debug|Any CPU
		{BA2F9314-CE4D-488C-8975-2BF4C7FDE69F}.Release|Any CPU.ActiveCfg = Release|Any CPU
		{BA2F9314-CE4D-488C-8975-2BF4C7FDE69F}.Release|Any CPU.Build.0 = Release|Any CPU
		{BA2F9314-CE4D-488C-8975-2BF4C7FDE69F}.Release|Any CPU.Deploy.0 = Release|Any CPU
	EndGlobalSection
	GlobalSection(SolutionProperties) = preSolution
		HideSolutionNode = FALSE
	EndGlobalSection
	GlobalSection(ExtensibilityGlobals) = postSolution
		SolutionGuid = {DDC76DAD-764E-432A-A038-CC52E62E821C}
	EndGlobalSection
EndGlobal
